
Microsoft Visual Studio Solution File, Format Version 12.00
# Visual Studio 15
VisualStudioVersion = 15.0.28307.572
MinimumVisualStudioVersion = 10.0.40219.1
Project("{FAE04EC0-301F-11D3-BF4B-00C04F79EFBC}") = "SYSPROHISTORICALTEST2", "SYSPROHISTORICALTEST2\SYSPROHISTORICALTEST2.csproj", "{EB144B38-E322-41BF-B8BB-F07A90F2B4C6}"
EndProject
Global
	GlobalSection(SolutionConfigurationPlatforms) = preSolution
		Debug|Any CPU = Debug|Any CPU
		Release|Any CPU = Release|Any CPU
	EndGlobalSection
	GlobalSection(ProjectConfigurationPlatforms) = postSolution
		{EB144B38-E322-41BF-B8BB-F07A90F2B4C6}.Debug|Any CPU.ActiveCfg = Debug|Any CPU
		{EB144B38-E322-41BF-B8BB-F07A90F2B4C6}.Debug|Any CPU.Build.0 = Debug|Any CPU
		{EB144B38-E322-41BF-B8BB-F07A90F2B4C6}.Release|Any CPU.ActiveCfg = Release|Any CPU
		{EB144B38-E322-41BF-B8BB-F07A90F2B4C6}.Release|Any CPU.Build.0 = Release|Any CPU
	EndGlobalSection
	GlobalSection(SolutionProperties) = preSolution
		HideSolutionNode = FALSE
	EndGlobalSection
	GlobalSection(ExtensibilityGlobals) = postSolution
		SolutionGuid = {E54D25A5-9DF8-4669-9004-002BF8A93BE5}
	EndGlobalSection
EndGlobal
